
Microsoft Visual Studio Solution File, Format Version 12.00
# Visual Studio Version 17
VisualStudioVersion = 17.10.34707.107
MinimumVisualStudioVersion = 10.0.40219.1
Project("{FAE04EC0-301F-11D3-BF4B-00C04F79EFBC}") = "justpayowners_app.Server", "justpayowners_app.Server\justpayowners_app.Server.csproj", "{C34126E0-7D1D-4472-AB1B-FD2A605DBA88}"
EndProject
Project("{54A90642-561A-4BB1-A94E-469ADEE60C69}") = "justpayowners_app.client", "justpayowners_app.client\justpayowners_app.client.esproj", "{96CA0C6B-4700-409B-8C66-16FB4E89324C}"
EndProject
Global
	GlobalSection(SolutionConfigurationPlatforms) = preSolution
		Debug|Any CPU = Debug|Any CPU
		Release|Any CPU = Release|Any CPU
	EndGlobalSection
	GlobalSection(ProjectConfigurationPlatforms) = postSolution
		{C34126E0-7D1D-4472-AB1B-FD2A605DBA88}.Debug|Any CPU.ActiveCfg = Debug|Any CPU
		{C34126E0-7D1D-4472-AB1B-FD2A605DBA88}.Debug|Any CPU.Build.0 = Debug|Any CPU
		{C34126E0-7D1D-4472-AB1B-FD2A605DBA88}.Release|Any CPU.ActiveCfg = Release|Any CPU
		{C34126E0-7D1D-4472-AB1B-FD2A605DBA88}.Release|Any CPU.Build.0 = Release|Any CPU
		{96CA0C6B-4700-409B-8C66-16FB4E89324C}.Debug|Any CPU.ActiveCfg = Debug|Any CPU
		{96CA0C6B-4700-409B-8C66-16FB4E89324C}.Debug|Any CPU.Build.0 = Debug|Any CPU
		{96CA0C6B-4700-409B-8C66-16FB4E89324C}.Debug|Any CPU.Deploy.0 = Debug|Any CPU
		{96CA0C6B-4700-409B-8C66-16FB4E89324C}.Release|Any CPU.ActiveCfg = Release|Any CPU
		{96CA0C6B-4700-409B-8C66-16FB4E89324C}.Release|Any CPU.Build.0 = Release|Any CPU
		{96CA0C6B-4700-409B-8C66-16FB4E89324C}.Release|Any CPU.Deploy.0 = Release|Any CPU
	EndGlobalSection
	GlobalSection(SolutionProperties) = preSolution
		HideSolutionNode = FALSE
	EndGlobalSection
	GlobalSection(ExtensibilityGlobals) = postSolution
		SolutionGuid = {E865F6F5-A128-4018-84A9-6AE10A4DDE4A}
	EndGlobalSection
EndGlobal
